
Microsoft Visual Studio Solution File, Format Version 12.00
# Visual Studio Version 17
VisualStudioVersion = 17.11.35327.3
MinimumVisualStudioVersion = 10.0.40219.1
Project("{FAE04EC0-301F-11D3-BF4B-00C04F79EFBC}") = "ConsoleApp3", "ConsoleApp3\ConsoleApp3.csproj", "{569AB8C1-89ED-49B9-9A44-010E411AE3AD}"
EndProject
Global
	GlobalSection(SolutionConfigurationPlatforms) = preSolution
		Debug|Any CPU = Debug|Any CPU
		Release|Any CPU = Release|Any CPU
	EndGlobalSection
	GlobalSection(ProjectConfigurationPlatforms) = postSolution
		{569AB8C1-89ED-49B9-9A44-010E411AE3AD}.Debug|Any CPU.ActiveCfg = Debug|Any CPU
		{569AB8C1-89ED-49B9-9A44-010E411AE3AD}.Debug|Any CPU.Build.0 = Debug|Any CPU
		{569AB8C1-89ED-49B9-9A44-010E411AE3AD}.Release|Any CPU.ActiveCfg = Release|Any CPU
		{569AB8C1-89ED-49B9-9A44-010E411AE3AD}.Release|Any CPU.Build.0 = Release|Any CPU
	EndGlobalSection
	GlobalSection(SolutionProperties) = preSolution
		HideSolutionNode = FALSE
	EndGlobalSection
	GlobalSection(ExtensibilityGlobals) = postSolution
		SolutionGuid = {E62C816E-442F-40A5-BA07-D09281AA122A}
	EndGlobalSection
EndGlobal
